
Microsoft Visual Studio Solution File, Format Version 12.00
# Visual Studio Version 17
VisualStudioVersion = 17.2.32616.157
MinimumVisualStudioVersion = 10.0.40219.1
Project("{9A19103F-16F7-4668-BE54-9A1E7A4F7556}") = "BlazorBattle.Server", "BlazorBattle\Server\BlazorBattle.Server.csproj", "{6A9543AC-173A-4BF3-AA1C-50A0E8589C94}"
EndProject
Project("{9A19103F-16F7-4668-BE54-9A1E7A4F7556}") = "BlazorBattle.Client", "BlazorBattle\Client\BlazorBattle.Client.csproj", "{9D1DA93A-15B0-452C-8FBC-31C2A36F80BE}"
EndProject
Project("{9A19103F-16F7-4668-BE54-9A1E7A4F7556}") = "BlazorBattle.Shared", "BlazorBattle\Shared\BlazorBattle.Shared.csproj", "{491CB6A0-6832-4BA6-BF75-EE28133402B1}"
EndProject
Global
	GlobalSection(SolutionConfigurationPlatforms) = preSolution
		Debug|Any CPU = Debug|Any CPU
		Release|Any CPU = Release|Any CPU
	EndGlobalSection
	GlobalSection(ProjectConfigurationPlatforms) = postSolution
		{6A9543AC-173A-4BF3-AA1C-50A0E8589C94}.Debug|Any CPU.ActiveCfg = Debug|Any CPU
		{6A9543AC-173A-4BF3-AA1C-50A0E8589C94}.Debug|Any CPU.Build.0 = Debug|Any CPU
		{6A9543AC-173A-4BF3-AA1C-50A0E8589C94}.Release|Any CPU.ActiveCfg = Release|Any CPU
		{6A9543AC-173A-4BF3-AA1C-50A0E8589C94}.Release|Any CPU.Build.0 = Release|Any CPU
		{9D1DA93A-15B0-452C-8FBC-31C2A36F80BE}.Debug|Any CPU.ActiveCfg = Debug|Any CPU
		{9D1DA93A-15B0-452C-8FBC-31C2A36F80BE}.Debug|Any CPU.Build.0 = Debug|Any CPU
		{9D1DA93A-15B0-452C-8FBC-31C2A36F80BE}.Release|Any CPU.ActiveCfg = Release|Any CPU
		{9D1DA93A-15B0-452C-8FBC-31C2A36F80BE}.Release|Any CPU.Build.0 = Release|Any CPU
		{491CB6A0-6832-4BA6-BF75-EE28133402B1}.Debug|Any CPU.ActiveCfg = Debug|Any CPU
		{491CB6A0-6832-4BA6-BF75-EE28133402B1}.Debug|Any CPU.Build.0 = Debug|Any CPU
		{491CB6A0-6832-4BA6-BF75-EE28133402B1}.Release|Any CPU.ActiveCfg = Release|Any CPU
		{491CB6A0-6832-4BA6-BF75-EE28133402B1}.Release|Any CPU.Build.0 = Release|Any CPU
	EndGlobalSection
	GlobalSection(SolutionProperties) = preSolution
		HideSolutionNode = FALSE
	EndGlobalSection
	GlobalSection(ExtensibilityGlobals) = postSolution
		SolutionGuid = {62ACD5AB-8C6A-4360-AEA0-03CB7ABEC450}
	EndGlobalSection
EndGlobal
